
Microsoft Visual Studio Solution File, Format Version 12.00
# Visual Studio Version 17
VisualStudioVersion = 17.14.36202.13 d17.14
MinimumVisualStudioVersion = 10.0.40219.1
Project("{FAE04EC0-301F-11D3-BF4B-00C04F79EFBC}") = "Back_KrispyCream", "Back_KrispyCream\Back_KrispyCream.csproj", "{B8368BD1-CBE7-4FD6-B550-C87EA367CA00}"
EndProject
Global
	GlobalSection(SolutionConfigurationPlatforms) = preSolution
		Debug|Any CPU = Debug|Any CPU
		Release|Any CPU = Release|Any CPU
	EndGlobalSection
	GlobalSection(ProjectConfigurationPlatforms) = postSolution
		{B8368BD1-CBE7-4FD6-B550-C87EA367CA00}.Debug|Any CPU.ActiveCfg = Debug|Any CPU
		{B8368BD1-CBE7-4FD6-B550-C87EA367CA00}.Debug|Any CPU.Build.0 = Debug|Any CPU
		{B8368BD1-CBE7-4FD6-B550-C87EA367CA00}.Release|Any CPU.ActiveCfg = Release|Any CPU
		{B8368BD1-CBE7-4FD6-B550-C87EA367CA00}.Release|Any CPU.Build.0 = Release|Any CPU
	EndGlobalSection
	GlobalSection(SolutionProperties) = preSolution
		HideSolutionNode = FALSE
	EndGlobalSection
	GlobalSection(ExtensibilityGlobals) = postSolution
		SolutionGuid = {CDBF52E7-06D5-46A8-942D-1BEE257AD31F}
	EndGlobalSection
EndGlobal
